
Microsoft Visual Studio Solution File, Format Version 12.00
# Visual Studio 15
VisualStudioVersion = 15.0.27004.2009
MinimumVisualStudioVersion = 10.0.40219.1
Project("{FAE04EC0-301F-11D3-BF4B-00C04F79EFBC}") = "Question1", "Question1\Question1.csproj", "{7AE7BEBC-07A2-4322-ABB2-FFC76037A0CA}"
EndProject
Project("{FAE04EC0-301F-11D3-BF4B-00C04F79EFBC}") = "Question3", "Question3\Question3.csproj", "{CCD88F56-1749-43B0-BA3A-539D5544E33F}"
EndProject
Global
	GlobalSection(SolutionConfigurationPlatforms) = preSolution
		Debug|Any CPU = Debug|Any CPU
		Release|Any CPU = Release|Any CPU
	EndGlobalSection
	GlobalSection(ProjectConfigurationPlatforms) = postSolution
		{7AE7BEBC-07A2-4322-ABB2-FFC76037A0CA}.Debug|Any CPU.ActiveCfg = Debug|Any CPU
		{7AE7BEBC-07A2-4322-ABB2-FFC76037A0CA}.Debug|Any CPU.Build.0 = Debug|Any CPU
		{7AE7BEBC-07A2-4322-ABB2-FFC76037A0CA}.Release|Any CPU.ActiveCfg = Release|Any CPU
		{7AE7BEBC-07A2-4322-ABB2-FFC76037A0CA}.Release|Any CPU.Build.0 = Release|Any CPU
		{CCD88F56-1749-43B0-BA3A-539D5544E33F}.Debug|Any CPU.ActiveCfg = Debug|Any CPU
		{CCD88F56-1749-43B0-BA3A-539D5544E33F}.Debug|Any CPU.Build.0 = Debug|Any CPU
		{CCD88F56-1749-43B0-BA3A-539D5544E33F}.Release|Any CPU.ActiveCfg = Release|Any CPU
		{CCD88F56-1749-43B0-BA3A-539D5544E33F}.Release|Any CPU.Build.0 = Release|Any CPU
	EndGlobalSection
	GlobalSection(SolutionProperties) = preSolution
		HideSolutionNode = FALSE
	EndGlobalSection
	GlobalSection(ExtensibilityGlobals) = postSolution
		SolutionGuid = {44AC811F-6F8F-437D-BB59-DC34DE40038E}
	EndGlobalSection
EndGlobal
